
Microsoft Visual Studio Solution File, Format Version 12.00
# Visual Studio Version 17
VisualStudioVersion = 17.2.32630.192
MinimumVisualStudioVersion = 10.0.40219.1
Project("{2150E333-8FDC-42A3-9474-1A3956D46DE8}") = "SolutionItems", "SolutionItems", "{F65F7247-C47F-47F3-BBD0-33E52C4EDFA4}"
	ProjectSection(SolutionItems) = preProject
		amqp-xml-doc0-9-1.pdf = amqp-xml-doc0-9-1.pdf
		ReadMe.md = ReadMe.md
	EndProjectSection
EndProject
Project("{2150E333-8FDC-42A3-9474-1A3956D46DE8}") = "1.CompetingConsumersPattern", "1.CompetingConsumersPattern", "{03C6644E-C9BD-4725-B7EC-9B789473AC5A}"
EndProject
Project("{2150E333-8FDC-42A3-9474-1A3956D46DE8}") = "Producer", "Producer", "{67213C5C-B63F-409F-A0CB-A46BE927F957}"
EndProject
Project("{2150E333-8FDC-42A3-9474-1A3956D46DE8}") = "Consumer", "Consumer", "{62E4902B-D7C2-4048-8C80-A40B03209313}"
EndProject
Project("{9A19103F-16F7-4668-BE54-9A1E7A4F7556}") = "Producer", "1.CompetingConsumersPattern\Producer\Producer.csproj", "{5471062F-61A0-4AAB-953E-1AC9CD99AE72}"
EndProject
Project("{9A19103F-16F7-4668-BE54-9A1E7A4F7556}") = "Consumer", "1.CompetingConsumersPattern\Consumer\Consumer.csproj", "{AF3DBB8C-7B00-4BC3-8661-CBB39C85EC4C}"
EndProject
Project("{2150E333-8FDC-42A3-9474-1A3956D46DE8}") = "2.PubSubPattern", "2.PubSubPattern", "{D5245D50-1CEA-44AE-A878-DBD8C39D08C9}"
EndProject
Project("{2150E333-8FDC-42A3-9474-1A3956D46DE8}") = "Producer", "Producer", "{7CE2EFA9-F3A4-457A-A29C-212C379CDE54}"
EndProject
Project("{2150E333-8FDC-42A3-9474-1A3956D46DE8}") = "FirstConsumer", "FirstConsumer", "{E128EE25-B4AA-4F92-9D25-803961ECC30A}"
EndProject
Project("{2150E333-8FDC-42A3-9474-1A3956D46DE8}") = "SecondConsumer", "SecondConsumer", "{860EC191-2FC6-4C42-A1F4-0A62B9C2C2D1}"
EndProject
Project("{9A19103F-16F7-4668-BE54-9A1E7A4F7556}") = "FirstConsumer", "2.PubSubPattern\FirstConsumer\FirstConsumer.csproj", "{CC0E00C5-8DD5-4475-AD13-F78E2D9E8749}"
EndProject
Project("{9A19103F-16F7-4668-BE54-9A1E7A4F7556}") = "Producer", "2.PubSubPattern\Producer\Producer.csproj", "{860E9480-FAC3-47A6-9C94-C998A011C27A}"
EndProject
Project("{9A19103F-16F7-4668-BE54-9A1E7A4F7556}") = "SecondConsumer", "2.PubSubPattern\SecondConsumer\SecondConsumer.csproj", "{9F8724F8-65D1-4BDE-ACAB-69276AE6FDE8}"
EndProject
Project("{2150E333-8FDC-42A3-9474-1A3956D46DE8}") = "3.Routing", "3.Routing", "{B54CC501-E8CB-42F8-8E5F-D4CE98DE1D38}"
EndProject
Project("{9A19103F-16F7-4668-BE54-9A1E7A4F7556}") = "Producer", "3.Routing\Producer\Producer.csproj", "{567BB507-10DE-448C-B460-D1A04FCCBFD3}"
EndProject
Project("{9A19103F-16F7-4668-BE54-9A1E7A4F7556}") = "AnalyticsConsumer", "3.Routing\AnalyticsConsumer\AnalyticsConsumer.csproj", "{51269305-A0A1-43BF-9797-4A0A451B40FF}"
EndProject
Project("{9A19103F-16F7-4668-BE54-9A1E7A4F7556}") = "PaymentsConsumer", "3.Routing\PaymentsConsumer\PaymentsConsumer.csproj", "{B3281EC0-7045-4188-8D9B-7364F6D929A1}"
EndProject
Project("{2150E333-8FDC-42A3-9474-1A3956D46DE8}") = "4.Topics", "4.Topics", "{DA557746-96DF-4797-AFC8-43CB7C76E46E}"
EndProject
Project("{9A19103F-16F7-4668-BE54-9A1E7A4F7556}") = "AnalyticsConsumer", "4.Topics\AnalyticsConsumer\AnalyticsConsumer.csproj", "{CE17E2E5-3E23-4A20-8B49-5A5E122ACA7C}"
EndProject
Project("{9A19103F-16F7-4668-BE54-9A1E7A4F7556}") = "PaymentsConsumer", "4.Topics\PaymentsConsumer\PaymentsConsumer.csproj", "{398684FB-7CBB-4B07-9ED5-F29F1E0D8DCE}"
EndProject
Project("{9A19103F-16F7-4668-BE54-9A1E7A4F7556}") = "Producer", "4.Topics\Producer\Producer.csproj", "{699B03DB-1915-40FD-BE72-A1045A633B53}"
EndProject
Project("{9A19103F-16F7-4668-BE54-9A1E7A4F7556}") = "UserConsumer", "4.Topics\UserConsumer\UserConsumer.csproj", "{2C2029EE-55A3-403E-98CE-1557B7B6AF8B}"
EndProject
Project("{2150E333-8FDC-42A3-9474-1A3956D46DE8}") = "5.RequestReplyPattern", "5.RequestReplyPattern", "{5704CAFB-3A9B-4109-8DC1-DAF1AE4D9D50}"
EndProject
Project("{9A19103F-16F7-4668-BE54-9A1E7A4F7556}") = "Client", "5.RequestReplyPattern\Client\Client.csproj", "{D71B71C1-68DE-4F7D-9842-D9E73C388467}"
EndProject
Project("{9A19103F-16F7-4668-BE54-9A1E7A4F7556}") = "Server", "5.RequestReplyPattern\Server\Server.csproj", "{3EEE379C-67E1-4D9F-83ED-6F50D20048A5}"
EndProject
Project("{2150E333-8FDC-42A3-9474-1A3956D46DE8}") = "6.ExchangeToExchange", "6.ExchangeToExchange", "{B694A87F-B929-4CCF-A57E-DD592A94C19A}"
EndProject
Project("{9A19103F-16F7-4668-BE54-9A1E7A4F7556}") = "Producer", "6.ExchangeToExchange\Producer\Producer.csproj", "{12858FA4-51C6-43D2-8909-438C85A2DC6B}"
EndProject
Project("{9A19103F-16F7-4668-BE54-9A1E7A4F7556}") = "Consumer", "6.ExchangeToExchange\Consumer\Consumer.csproj", "{B8BB9D1B-A424-40F8-A54D-6BF89A93D66D}"
EndProject
Project("{2150E333-8FDC-42A3-9474-1A3956D46DE8}") = "7.HeaderExchange", "7.HeaderExchange", "{E4445DEA-0A01-40ED-B358-D90C15844FA4}"
EndProject
Project("{9A19103F-16F7-4668-BE54-9A1E7A4F7556}") = "Consumer", "7.HeaderExchange\Consumer\Consumer.csproj", "{AB5172C8-5BED-46D9-9588-C97D8EA2505E}"
EndProject
Project("{9A19103F-16F7-4668-BE54-9A1E7A4F7556}") = "Producer", "7.HeaderExchange\Producer\Producer.csproj", "{ED8E0A52-F4CD-4982-919D-276EB17B884B}"
EndProject
Project("{2150E333-8FDC-42A3-9474-1A3956D46DE8}") = "8.ConsistantHashingExchange", "8.ConsistantHashingExchange", "{BAC3D986-0705-4163-8B26-F4F140AF533D}"
EndProject
Project("{9A19103F-16F7-4668-BE54-9A1E7A4F7556}") = "Producer", "8.ConsistantHashingExchange\Producer\Producer.csproj", "{63884A04-BCC9-4727-8606-C28E0ABBFF12}"
EndProject
Project("{9A19103F-16F7-4668-BE54-9A1E7A4F7556}") = "Consumer", "8.ConsistantHashingExchange\Consumer\Consumer.csproj", "{3330C3E1-B23B-453A-B398-3D45A7F7372D}"
EndProject
Project("{2150E333-8FDC-42A3-9474-1A3956D46DE8}") = "9.ExchangesOptions", "9.ExchangesOptions", "{FD9DBDC0-5F77-4D27-9E29-6BBDA6F667C1}"
EndProject
Project("{2150E333-8FDC-42A3-9474-1A3956D46DE8}") = "1.Accept-Reject-Messages", "1.Accept-Reject-Messages", "{A104B3F6-1823-4D92-9DC2-52B1A7C5C730}"
EndProject
Project("{2150E333-8FDC-42A3-9474-1A3956D46DE8}") = "2.Alternate-Exchange", "2.Alternate-Exchange", "{CDAB5ECF-8498-4E32-B902-9A62910A9AAC}"
EndProject
Project("{2150E333-8FDC-42A3-9474-1A3956D46DE8}") = "3.DeadLetter-Exchange", "3.DeadLetter-Exchange", "{9FBDEE47-39CA-458A-BCC6-8447DC54FBC6}"
EndProject
Project("{FAE04EC0-301F-11D3-BF4B-00C04F79EFBC}") = "Consumer", "9.ExchangesOptions\1.Accept-Reject-Messages\Consumer\Consumer.csproj", "{42BBF702-8FFC-4960-9E17-1358CF4410F4}"
EndProject
Project("{FAE04EC0-301F-11D3-BF4B-00C04F79EFBC}") = "Producer", "9.ExchangesOptions\1.Accept-Reject-Messages\Producer\Producer.csproj", "{F43EC96A-5BA4-4494-9306-BC81D5BC8C4A}"
EndProject
Project("{FAE04EC0-301F-11D3-BF4B-00C04F79EFBC}") = "Consumer", "9.ExchangesOptions\2.Alternate-Exchange\Consumer\Consumer.csproj", "{4F27D687-67F8-40DB-839C-308C0E4C3099}"
EndProject
Project("{FAE04EC0-301F-11D3-BF4B-00C04F79EFBC}") = "Producer", "9.ExchangesOptions\2.Alternate-Exchange\Producer\Producer.csproj", "{EA7D1F85-D2F4-4FDE-AC29-842D22A9421B}"
EndProject
Project("{FAE04EC0-301F-11D3-BF4B-00C04F79EFBC}") = "Consumer", "9.ExchangesOptions\3.DeadLetter-Exchange\Consumer\Consumer.csproj", "{B7C65D53-0658-416B-9D7F-1F2B4FEF6B81}"
EndProject
Project("{FAE04EC0-301F-11D3-BF4B-00C04F79EFBC}") = "Producer", "9.ExchangesOptions\3.DeadLetter-Exchange\Producer\Producer.csproj", "{40756EA2-2D47-4F58-B45F-2B4100FFD3C4}"
EndProject
Global
	GlobalSection(SolutionConfigurationPlatforms) = preSolution
		Debug|Any CPU = Debug|Any CPU
		Release|Any CPU = Release|Any CPU
	EndGlobalSection
	GlobalSection(ProjectConfigurationPlatforms) = postSolution
		{5471062F-61A0-4AAB-953E-1AC9CD99AE72}.Debug|Any CPU.ActiveCfg = Debug|Any CPU
		{5471062F-61A0-4AAB-953E-1AC9CD99AE72}.Debug|Any CPU.Build.0 = Debug|Any CPU
		{5471062F-61A0-4AAB-953E-1AC9CD99AE72}.Release|Any CPU.ActiveCfg = Release|Any CPU
		{5471062F-61A0-4AAB-953E-1AC9CD99AE72}.Release|Any CPU.Build.0 = Release|Any CPU
		{AF3DBB8C-7B00-4BC3-8661-CBB39C85EC4C}.Debug|Any CPU.ActiveCfg = Debug|Any CPU
		{AF3DBB8C-7B00-4BC3-8661-CBB39C85EC4C}.Debug|Any CPU.Build.0 = Debug|Any CPU
		{AF3DBB8C-7B00-4BC3-8661-CBB39C85EC4C}.Release|Any CPU.ActiveCfg = Release|Any CPU
		{AF3DBB8C-7B00-4BC3-8661-CBB39C85EC4C}.Release|Any CPU.Build.0 = Release|Any CPU
		{CC0E00C5-8DD5-4475-AD13-F78E2D9E8749}.Debug|Any CPU.ActiveCfg = Debug|Any CPU
		{CC0E00C5-8DD5-4475-AD13-F78E2D9E8749}.Debug|Any CPU.Build.0 = Debug|Any CPU
		{CC0E00C5-8DD5-4475-AD13-F78E2D9E8749}.Release|Any CPU.ActiveCfg = Release|Any CPU
		{CC0E00C5-8DD5-4475-AD13-F78E2D9E8749}.Release|Any CPU.Build.0 = Release|Any CPU
		{860E9480-FAC3-47A6-9C94-C998A011C27A}.Debug|Any CPU.ActiveCfg = Debug|Any CPU
		{860E9480-FAC3-47A6-9C94-C998A011C27A}.Debug|Any CPU.Build.0 = Debug|Any CPU
		{860E9480-FAC3-47A6-9C94-C998A011C27A}.Release|Any CPU.ActiveCfg = Release|Any CPU
		{860E9480-FAC3-47A6-9C94-C998A011C27A}.Release|Any CPU.Build.0 = Release|Any CPU
		{9F8724F8-65D1-4BDE-ACAB-69276AE6FDE8}.Debug|Any CPU.ActiveCfg = Debug|Any CPU
		{9F8724F8-65D1-4BDE-ACAB-69276AE6FDE8}.Debug|Any CPU.Build.0 = Debug|Any CPU
		{9F8724F8-65D1-4BDE-ACAB-69276AE6FDE8}.Release|Any CPU.ActiveCfg = Release|Any CPU
		{9F8724F8-65D1-4BDE-ACAB-69276AE6FDE8}.Release|Any CPU.Build.0 = Release|Any CPU
		{567BB507-10DE-448C-B460-D1A04FCCBFD3}.Debug|Any CPU.ActiveCfg = Debug|Any CPU
		{567BB507-10DE-448C-B460-D1A04FCCBFD3}.Debug|Any CPU.Build.0 = Debug|Any CPU
		{567BB507-10DE-448C-B460-D1A04FCCBFD3}.Release|Any CPU.ActiveCfg = Release|Any CPU
		{567BB507-10DE-448C-B460-D1A04FCCBFD3}.Release|Any CPU.Build.0 = Release|Any CPU
		{51269305-A0A1-43BF-9797-4A0A451B40FF}.Debug|Any CPU.ActiveCfg = Debug|Any CPU
		{51269305-A0A1-43BF-9797-4A0A451B40FF}.Debug|Any CPU.Build.0 = Debug|Any CPU
		{51269305-A0A1-43BF-9797-4A0A451B40FF}.Release|Any CPU.ActiveCfg = Release|Any CPU
		{51269305-A0A1-43BF-9797-4A0A451B40FF}.Release|Any CPU.Build.0 = Release|Any CPU
		{B3281EC0-7045-4188-8D9B-7364F6D929A1}.Debug|Any CPU.ActiveCfg = Debug|Any CPU
		{B3281EC0-7045-4188-8D9B-7364F6D929A1}.Debug|Any CPU.Build.0 = Debug|Any CPU
		{B3281EC0-7045-4188-8D9B-7364F6D929A1}.Release|Any CPU.ActiveCfg = Release|Any CPU
		{B3281EC0-7045-4188-8D9B-7364F6D929A1}.Release|Any CPU.Build.0 = Release|Any CPU
		{CE17E2E5-3E23-4A20-8B49-5A5E122ACA7C}.Debug|Any CPU.ActiveCfg = Debug|Any CPU
		{CE17E2E5-3E23-4A20-8B49-5A5E122ACA7C}.Debug|Any CPU.Build.0 = Debug|Any CPU
		{CE17E2E5-3E23-4A20-8B49-5A5E122ACA7C}.Release|Any CPU.ActiveCfg = Release|Any CPU
		{CE17E2E5-3E23-4A20-8B49-5A5E122ACA7C}.Release|Any CPU.Build.0 = Release|Any CPU
		{398684FB-7CBB-4B07-9ED5-F29F1E0D8DCE}.Debug|Any CPU.ActiveCfg = Debug|Any CPU
		{398684FB-7CBB-4B07-9ED5-F29F1E0D8DCE}.Debug|Any CPU.Build.0 = Debug|Any CPU
		{398684FB-7CBB-4B07-9ED5-F29F1E0D8DCE}.Release|Any CPU.ActiveCfg = Release|Any CPU
		{398684FB-7CBB-4B07-9ED5-F29F1E0D8DCE}.Release|Any CPU.Build.0 = Release|Any CPU
		{699B03DB-1915-40FD-BE72-A1045A633B53}.Debug|Any CPU.ActiveCfg = Debug|Any CPU
		{699B03DB-1915-40FD-BE72-A1045A633B53}.Debug|Any CPU.Build.0 = Debug|Any CPU
		{699B03DB-1915-40FD-BE72-A1045A633B53}.Release|Any CPU.ActiveCfg = Release|Any CPU
		{699B03DB-1915-40FD-BE72-A1045A633B53}.Release|Any CPU.Build.0 = Release|Any CPU
		{2C2029EE-55A3-403E-98CE-1557B7B6AF8B}.Debug|Any CPU.ActiveCfg = Debug|Any CPU
		{2C2029EE-55A3-403E-98CE-1557B7B6AF8B}.Debug|Any CPU.Build.0 = Debug|Any CPU
		{2C2029EE-55A3-403E-98CE-1557B7B6AF8B}.Release|Any CPU.ActiveCfg = Release|Any CPU
		{2C2029EE-55A3-403E-98CE-1557B7B6AF8B}.Release|Any CPU.Build.0 = Release|Any CPU
		{D71B71C1-68DE-4F7D-9842-D9E73C388467}.Debug|Any CPU.ActiveCfg = Debug|Any CPU
		{D71B71C1-68DE-4F7D-9842-D9E73C388467}.Debug|Any CPU.Build.0 = Debug|Any CPU
		{D71B71C1-68DE-4F7D-9842-D9E73C388467}.Release|Any CPU.ActiveCfg = Release|Any CPU
		{D71B71C1-68DE-4F7D-9842-D9E73C388467}.Release|Any CPU.Build.0 = Release|Any CPU
		{3EEE379C-67E1-4D9F-83ED-6F50D20048A5}.Debug|Any CPU.ActiveCfg = Debug|Any CPU
		{3EEE379C-67E1-4D9F-83ED-6F50D20048A5}.Debug|Any CPU.Build.0 = Debug|Any CPU
		{3EEE379C-67E1-4D9F-83ED-6F50D20048A5}.Release|Any CPU.ActiveCfg = Release|Any CPU
		{3EEE379C-67E1-4D9F-83ED-6F50D20048A5}.Release|Any CPU.Build.0 = Release|Any CPU
		{12858FA4-51C6-43D2-8909-438C85A2DC6B}.Debug|Any CPU.ActiveCfg = Debug|Any CPU
		{12858FA4-51C6-43D2-8909-438C85A2DC6B}.Debug|Any CPU.Build.0 = Debug|Any CPU
		{12858FA4-51C6-43D2-8909-438C85A2DC6B}.Release|Any CPU.ActiveCfg = Release|Any CPU
		{12858FA4-51C6-43D2-8909-438C85A2DC6B}.Release|Any CPU.Build.0 = Release|Any CPU
		{B8BB9D1B-A424-40F8-A54D-6BF89A93D66D}.Debug|Any CPU.ActiveCfg = Debug|Any CPU
		{B8BB9D1B-A424-40F8-A54D-6BF89A93D66D}.Debug|Any CPU.Build.0 = Debug|Any CPU
		{B8BB9D1B-A424-40F8-A54D-6BF89A93D66D}.Release|Any CPU.ActiveCfg = Release|Any CPU
		{B8BB9D1B-A424-40F8-A54D-6BF89A93D66D}.Release|Any CPU.Build.0 = Release|Any CPU
		{AB5172C8-5BED-46D9-9588-C97D8EA2505E}.Debug|Any CPU.ActiveCfg = Debug|Any CPU
		{AB5172C8-5BED-46D9-9588-C97D8EA2505E}.Debug|Any CPU.Build.0 = Debug|Any CPU
		{AB5172C8-5BED-46D9-9588-C97D8EA2505E}.Release|Any CPU.ActiveCfg = Release|Any CPU
		{AB5172C8-5BED-46D9-9588-C97D8EA2505E}.Release|Any CPU.Build.0 = Release|Any CPU
		{ED8E0A52-F4CD-4982-919D-276EB17B884B}.Debug|Any CPU.ActiveCfg = Debug|Any CPU
		{ED8E0A52-F4CD-4982-919D-276EB17B884B}.Debug|Any CPU.Build.0 = Debug|Any CPU
		{ED8E0A52-F4CD-4982-919D-276EB17B884B}.Release|Any CPU.ActiveCfg = Release|Any CPU
		{ED8E0A52-F4CD-4982-919D-276EB17B884B}.Release|Any CPU.Build.0 = Release|Any CPU
		{63884A04-BCC9-4727-8606-C28E0ABBFF12}.Debug|Any CPU.ActiveCfg = Debug|Any CPU
		{63884A04-BCC9-4727-8606-C28E0ABBFF12}.Debug|Any CPU.Build.0 = Debug|Any CPU
		{63884A04-BCC9-4727-8606-C28E0ABBFF12}.Release|Any CPU.ActiveCfg = Release|Any CPU
		{63884A04-BCC9-4727-8606-C28E0ABBFF12}.Release|Any CPU.Build.0 = Release|Any CPU
		{3330C3E1-B23B-453A-B398-3D45A7F7372D}.Debug|Any CPU.ActiveCfg = Debug|Any CPU
		{3330C3E1-B23B-453A-B398-3D45A7F7372D}.Debug|Any CPU.Build.0 = Debug|Any CPU
		{3330C3E1-B23B-453A-B398-3D45A7F7372D}.Release|Any CPU.ActiveCfg = Release|Any CPU
		{3330C3E1-B23B-453A-B398-3D45A7F7372D}.Release|Any CPU.Build.0 = Release|Any CPU
		{42BBF702-8FFC-4960-9E17-1358CF4410F4}.Debug|Any CPU.ActiveCfg = Debug|Any CPU
		{42BBF702-8FFC-4960-9E17-1358CF4410F4}.Debug|Any CPU.Build.0 = Debug|Any CPU
		{42BBF702-8FFC-4960-9E17-1358CF4410F4}.Release|Any CPU.ActiveCfg = Release|Any CPU
		{42BBF702-8FFC-4960-9E17-1358CF4410F4}.Release|Any CPU.Build.0 = Release|Any CPU
		{F43EC96A-5BA4-4494-9306-BC81D5BC8C4A}.Debug|Any CPU.ActiveCfg = Debug|Any CPU
		{F43EC96A-5BA4-4494-9306-BC81D5BC8C4A}.Debug|Any CPU.Build.0 = Debug|Any CPU
		{F43EC96A-5BA4-4494-9306-BC81D5BC8C4A}.Release|Any CPU.ActiveCfg = Release|Any CPU
		{F43EC96A-5BA4-4494-9306-BC81D5BC8C4A}.Release|Any CPU.Build.0 = Release|Any CPU
		{4F27D687-67F8-40DB-839C-308C0E4C3099}.Debug|Any CPU.ActiveCfg = Debug|Any CPU
		{4F27D687-67F8-40DB-839C-308C0E4C3099}.Debug|Any CPU.Build.0 = Debug|Any CPU
		{4F27D687-67F8-40DB-839C-308C0E4C3099}.Release|Any CPU.ActiveCfg = Release|Any CPU
		{4F27D687-67F8-40DB-839C-308C0E4C3099}.Release|Any CPU.Build.0 = Release|Any CPU
		{EA7D1F85-D2F4-4FDE-AC29-842D22A9421B}.Debug|Any CPU.ActiveCfg = Debug|Any CPU
		{EA7D1F85-D2F4-4FDE-AC29-842D22A9421B}.Debug|Any CPU.Build.0 = Debug|Any CPU
		{EA7D1F85-D2F4-4FDE-AC29-842D22A9421B}.Release|Any CPU.ActiveCfg = Release|Any CPU
		{EA7D1F85-D2F4-4FDE-AC29-842D22A9421B}.Release|Any CPU.Build.0 = Release|Any CPU
		{B7C65D53-0658-416B-9D7F-1F2B4FEF6B81}.Debug|Any CPU.ActiveCfg = Debug|Any CPU
		{B7C65D53-0658-416B-9D7F-1F2B4FEF6B81}.Debug|Any CPU.Build.0 = Debug|Any CPU
		{B7C65D53-0658-416B-9D7F-1F2B4FEF6B81}.Release|Any CPU.ActiveCfg = Release|Any CPU
		{B7C65D53-0658-416B-9D7F-1F2B4FEF6B81}.Release|Any CPU.Build.0 = Release|Any CPU
		{40756EA2-2D47-4F58-B45F-2B4100FFD3C4}.Debug|Any CPU.ActiveCfg = Debug|Any CPU
		{40756EA2-2D47-4F58-B45F-2B4100FFD3C4}.Debug|Any CPU.Build.0 = Debug|Any CPU
		{40756EA2-2D47-4F58-B45F-2B4100FFD3C4}.Release|Any CPU.ActiveCfg = Release|Any CPU
		{40756EA2-2D47-4F58-B45F-2B4100FFD3C4}.Release|Any CPU.Build.0 = Release|Any CPU
	EndGlobalSection
	GlobalSection(SolutionProperties) = preSolution
		HideSolutionNode = FALSE
	EndGlobalSection
	GlobalSection(NestedProjects) = preSolution
		{67213C5C-B63F-409F-A0CB-A46BE927F957} = {03C6644E-C9BD-4725-B7EC-9B789473AC5A}
		{62E4902B-D7C2-4048-8C80-A40B03209313} = {03C6644E-C9BD-4725-B7EC-9B789473AC5A}
		{5471062F-61A0-4AAB-953E-1AC9CD99AE72} = {67213C5C-B63F-409F-A0CB-A46BE927F957}
		{AF3DBB8C-7B00-4BC3-8661-CBB39C85EC4C} = {62E4902B-D7C2-4048-8C80-A40B03209313}
		{7CE2EFA9-F3A4-457A-A29C-212C379CDE54} = {D5245D50-1CEA-44AE-A878-DBD8C39D08C9}
		{E128EE25-B4AA-4F92-9D25-803961ECC30A} = {D5245D50-1CEA-44AE-A878-DBD8C39D08C9}
		{860EC191-2FC6-4C42-A1F4-0A62B9C2C2D1} = {D5245D50-1CEA-44AE-A878-DBD8C39D08C9}
		{CC0E00C5-8DD5-4475-AD13-F78E2D9E8749} = {E128EE25-B4AA-4F92-9D25-803961ECC30A}
		{860E9480-FAC3-47A6-9C94-C998A011C27A} = {7CE2EFA9-F3A4-457A-A29C-212C379CDE54}
		{9F8724F8-65D1-4BDE-ACAB-69276AE6FDE8} = {860EC191-2FC6-4C42-A1F4-0A62B9C2C2D1}
		{567BB507-10DE-448C-B460-D1A04FCCBFD3} = {B54CC501-E8CB-42F8-8E5F-D4CE98DE1D38}
		{51269305-A0A1-43BF-9797-4A0A451B40FF} = {B54CC501-E8CB-42F8-8E5F-D4CE98DE1D38}
		{B3281EC0-7045-4188-8D9B-7364F6D929A1} = {B54CC501-E8CB-42F8-8E5F-D4CE98DE1D38}
		{CE17E2E5-3E23-4A20-8B49-5A5E122ACA7C} = {DA557746-96DF-4797-AFC8-43CB7C76E46E}
		{398684FB-7CBB-4B07-9ED5-F29F1E0D8DCE} = {DA557746-96DF-4797-AFC8-43CB7C76E46E}
		{699B03DB-1915-40FD-BE72-A1045A633B53} = {DA557746-96DF-4797-AFC8-43CB7C76E46E}
		{2C2029EE-55A3-403E-98CE-1557B7B6AF8B} = {DA557746-96DF-4797-AFC8-43CB7C76E46E}
		{D71B71C1-68DE-4F7D-9842-D9E73C388467} = {5704CAFB-3A9B-4109-8DC1-DAF1AE4D9D50}
		{3EEE379C-67E1-4D9F-83ED-6F50D20048A5} = {5704CAFB-3A9B-4109-8DC1-DAF1AE4D9D50}
		{12858FA4-51C6-43D2-8909-438C85A2DC6B} = {B694A87F-B929-4CCF-A57E-DD592A94C19A}
		{B8BB9D1B-A424-40F8-A54D-6BF89A93D66D} = {B694A87F-B929-4CCF-A57E-DD592A94C19A}
		{AB5172C8-5BED-46D9-9588-C97D8EA2505E} = {E4445DEA-0A01-40ED-B358-D90C15844FA4}
		{ED8E0A52-F4CD-4982-919D-276EB17B884B} = {E4445DEA-0A01-40ED-B358-D90C15844FA4}
		{63884A04-BCC9-4727-8606-C28E0ABBFF12} = {BAC3D986-0705-4163-8B26-F4F140AF533D}
		{3330C3E1-B23B-453A-B398-3D45A7F7372D} = {BAC3D986-0705-4163-8B26-F4F140AF533D}
		{A104B3F6-1823-4D92-9DC2-52B1A7C5C730} = {FD9DBDC0-5F77-4D27-9E29-6BBDA6F667C1}
		{CDAB5ECF-8498-4E32-B902-9A62910A9AAC} = {FD9DBDC0-5F77-4D27-9E29-6BBDA6F667C1}
		{9FBDEE47-39CA-458A-BCC6-8447DC54FBC6} = {FD9DBDC0-5F77-4D27-9E29-6BBDA6F667C1}
		{42BBF702-8FFC-4960-9E17-1358CF4410F4} = {A104B3F6-1823-4D92-9DC2-52B1A7C5C730}
		{F43EC96A-5BA4-4494-9306-BC81D5BC8C4A} = {A104B3F6-1823-4D92-9DC2-52B1A7C5C730}
		{4F27D687-67F8-40DB-839C-308C0E4C3099} = {CDAB5ECF-8498-4E32-B902-9A62910A9AAC}
		{EA7D1F85-D2F4-4FDE-AC29-842D22A9421B} = {CDAB5ECF-8498-4E32-B902-9A62910A9AAC}
		{B7C65D53-0658-416B-9D7F-1F2B4FEF6B81} = {9FBDEE47-39CA-458A-BCC6-8447DC54FBC6}
		{40756EA2-2D47-4F58-B45F-2B4100FFD3C4} = {9FBDEE47-39CA-458A-BCC6-8447DC54FBC6}
	EndGlobalSection
	GlobalSection(ExtensibilityGlobals) = postSolution
		SolutionGuid = {9FA794C1-01F4-4004-8CED-8798770E2BAF}
	EndGlobalSection
EndGlobal
